Microsoft Visual Studio Solution File, Format Version 12.00
# Visual Studio Version 17
VisualStudioVersion = 17.5.2.0
MinimumVisualStudioVersion = 10.0.40219.1
Project("{FAE04EC0-301F-11D3-BF4B-00C04F79EFBC}") = "LaunchBoxYamlImporter", "LaunchBoxYamlImporter\LaunchBoxYamlImporter.csproj", "{E30EF735-94F4-535A-EEAE-54D6843238DF}"
EndProject
Global
	GlobalSection(SolutionConfigurationPlatforms) = preSolution
		Debug|Any CPU = Debug|Any CPU
		Release|Any CPU = Release|Any CPU
	EndGlobalSection
	GlobalSection(ProjectConfigurationPlatforms) = postSolution
		{E30EF735-94F4-535A-EEAE-54D6843238DF}.Debug|Any CPU.ActiveCfg = Debug|Any CPU
		{E30EF735-94F4-535A-EEAE-54D6843238DF}.Debug|Any CPU.Build.0 = Debug|Any CPU
		{E30EF735-94F4-535A-EEAE-54D6843238DF}.Release|Any CPU.ActiveCfg = Release|Any CPU
		{E30EF735-94F4-535A-EEAE-54D6843238DF}.Release|Any CPU.Build.0 = Release|Any CPU
	EndGlobalSection
	GlobalSection(SolutionProperties) = preSolution
		HideSolutionNode = FALSE
	EndGlobalSection
	GlobalSection(ExtensibilityGlobals) = postSolution
		SolutionGuid = {91963AAD-5647-4F43-8DCF-B4D4BCB7D598}
	EndGlobalSection
EndGlobal
