version = 1
revision = 1
requires-python = ">=3.13"

[[package]]
name = "basedpyright"
version = "1.36.0"
source = { registry = "https://pypi.org/simple" }
dependencies = [
    { name = "nodejs-wheel-binaries" },
]
sdist = { url = "https://files.pythonhosted.org/packages/46/08/534eb9491274905d7a73e78868569f07afca7006bc80f9f655c0bd19c777/basedpyright-1.36.0.tar.gz", hash = "sha256:f0318ec12ff86c459232308d82e88552338ad86cf8bbadf02e0810d867094ca0", size = 22835187 }
wheels = [
    { url = "https://files.pythonhosted.org/packages/9e/91/4e19de9130ccc9158d34f51ba78c0b6c8c31207e22198506888e26173fa5/basedpyright-1.36.0-py3-none-any.whl", hash = "sha256:3eb47ab341fae509b8ac6649ab11dd75624607ef63333a7bf8e7b1891f24e437", size = 11881725 },
]

[[package]]
name = "launchbox2playnite"
version = "0.1.0"
source = { editable = "." }
dependencies = [
    { name = "basedpyright" },
    { name = "pyyaml" },
    { name = "rust-just" },
]

[package.metadata]
requires-dist = [
    { name = "basedpyright", specifier = ">=1.36.0" },
    { name = "pyyaml", specifier = ">=6.0.3" },
    { name = "rust-just", specifier = ">=1.44.1" },
]

[[package]]
name = "nodejs-wheel-binaries"
version = "24.11.1"
source = { registry = "https://pypi.org/simple" }
sdist = { url = "https://files.pythonhosted.org/packages/e4/89/da307731fdbb05a5f640b26de5b8ac0dc463fef059162accfc89e32f73bc/nodejs_wheel_binaries-24.11.1.tar.gz", hash = "sha256:413dfffeadfb91edb4d8256545dea797c237bba9b3faefea973cde92d96bb922", size = 8059 }
wheels = [
    { url = "https://files.pythonhosted.org/packages/e4/5f/be5a4112e678143d4c15264d918f9a2dc086905c6426eb44515cf391a958/nodejs_wheel_binaries-24.11.1-py2.py3-none-macosx_13_0_arm64.whl", hash = "sha256:0e14874c3579def458245cdbc3239e37610702b0aa0975c1dc55e2cb80e42102", size = 55114309 },
    { url = "https://files.pythonhosted.org/packages/fa/1c/2e9d6af2ea32b65928c42b3e5baa7a306870711d93c3536cb25fc090a80d/nodejs_wheel_binaries-24.11.1-py2.py3-none-macosx_13_0_x86_64.whl", hash = "sha256:c2741525c9874b69b3e5a6d6c9179a6fe484ea0c3d5e7b7c01121c8e5d78b7e2", size = 55285957 },
    { url = "https://files.pythonhosted.org/packages/d0/79/35696d7ba41b1bd35ef8682f13d46ba38c826c59e58b86b267458eb53d87/nodejs_wheel_binaries-24.11.1-py2.py3-none-manylinux_2_28_aarch64.whl", hash = "sha256:5ef598101b0fb1c2bf643abb76dfbf6f76f1686198ed17ae46009049ee83c546", size = 59645875 },
    { url = "https://files.pythonhosted.org/packages/b4/98/2a9694adee0af72bc602a046b0632a0c89e26586090c558b1c9199b187cc/nodejs_wheel_binaries-24.11.1-py2.py3-none-manylinux_2_28_x86_64.whl", hash = "sha256:cde41d5e4705266688a8d8071debf4f8a6fcea264c61292782672ee75a6905f9", size = 60140941 },
    { url = "https://files.pythonhosted.org/packages/d0/d6/573e5e2cba9d934f5f89d0beab00c3315e2e6604eb4df0fcd1d80c5a07a8/nodejs_wheel_binaries-24.11.1-py2.py3-none-musllinux_1_2_aarch64.whl", hash = "sha256:78bc5bb889313b565df8969bb7423849a9c7fc218bf735ff0ce176b56b3e96f0", size = 61644243 },
    { url = "https://files.pythonhosted.org/packages/c7/e6/643234d5e94067df8ce8d7bba10f3804106668f7a1050aeb10fdd226ead4/nodejs_wheel_binaries-24.11.1-py2.py3-none-musllinux_1_2_x86_64.whl", hash = "sha256:c79a7e43869ccecab1cae8183778249cceb14ca2de67b5650b223385682c6239", size = 62225657 },
    { url = "https://files.pythonhosted.org/packages/4d/1c/2fb05127102a80225cab7a75c0e9edf88a0a1b79f912e1e36c7c1aaa8f4e/nodejs_wheel_binaries-24.11.1-py2.py3-none-win_amd64.whl", hash = "sha256:10197b1c9c04d79403501766f76508b0dac101ab34371ef8a46fcf51773497d0", size = 41322308 },
    { url = "https://files.pythonhosted.org/packages/ad/b7/bc0cdbc2cc3a66fcac82c79912e135a0110b37b790a14c477f18e18d90cd/nodejs_wheel_binaries-24.11.1-py2.py3-none-win_arm64.whl", hash = "sha256:376b9ea1c4bc1207878975dfeb604f7aa5668c260c6154dcd2af9d42f7734116", size = 39026497 },
]

[[package]]
name = "pyyaml"
version = "6.0.3"
source = { registry = "https://pypi.org/simple" }
sdist = { url = "https://files.pythonhosted.org/packages/05/8e/961c0007c59b8dd7729d542c61a4d537767a59645b82a0b521206e1e25c2/pyyaml-6.0.3.tar.gz", hash = "sha256:d76623373421df22fb4cf8817020cbb7ef15c725b9d5e45f17e189bfc384190f", size = 130960 }
wheels = [
    { url = "https://files.pythonhosted.org/packages/d1/11/0fd08f8192109f7169db964b5707a2f1e8b745d4e239b784a5a1dd80d1db/pyyaml-6.0.3-cp313-cp313-macosx_10_13_x86_64.whl", hash = "sha256:8da9669d359f02c0b91ccc01cac4a67f16afec0dac22c2ad09f46bee0697eba8", size = 181669 },
    { url = "https://files.pythonhosted.org/packages/b1/16/95309993f1d3748cd644e02e38b75d50cbc0d9561d21f390a76242ce073f/pyyaml-6.0.3-cp313-cp313-macosx_11_0_arm64.whl", hash = "sha256:2283a07e2c21a2aa78d9c4442724ec1eb15f5e42a723b99cb3d822d48f5f7ad1", size = 173252 },
    { url = "https://files.pythonhosted.org/packages/50/31/b20f376d3f810b9b2371e72ef5adb33879b25edb7a6d072cb7ca0c486398/pyyaml-6.0.3-cp313-cp313-manylinux2014_aarch64.manylinux_2_17_aarch64.manylinux_2_28_aarch64.whl", hash = "sha256:ee2922902c45ae8ccada2c5b501ab86c36525b883eff4255313a253a3160861c", size = 767081 },
    { url = "https://files.pythonhosted.org/packages/49/1e/a55ca81e949270d5d4432fbbd19dfea5321eda7c41a849d443dc92fd1ff7/pyyaml-6.0.3-cp313-cp313-manylinux2014_s390x.manylinux_2_17_s390x.manylinux_2_28_s390x.whl", hash = "sha256:a33284e20b78bd4a18c8c2282d549d10bc8408a2a7ff57653c0cf0b9be0afce5", size = 841159 },
    { url = "https://files.pythonhosted.org/packages/74/27/e5b8f34d02d9995b80abcef563ea1f8b56d20134d8f4e5e81733b1feceb2/pyyaml-6.0.3-cp313-cp313-manylinux2014_x86_64.manylinux_2_17_x86_64.manylinux_2_28_x86_64.whl", hash = "sha256:0f29edc409a6392443abf94b9cf89ce99889a1dd5376d94316ae5145dfedd5d6", size = 801626 },
    { url = "https://files.pythonhosted.org/packages/f9/11/ba845c23988798f40e52ba45f34849aa8a1f2d4af4b798588010792ebad6/pyyaml-6.0.3-cp313-cp313-musllinux_1_2_aarch64.whl", hash = "sha256:f7057c9a337546edc7973c0d3ba84ddcdf0daa14533c2065749c9075001090e6", size = 753613 },
    { url = "https://files.pythonhosted.org/packages/3d/e0/7966e1a7bfc0a45bf0a7fb6b98ea03fc9b8d84fa7f2229e9659680b69ee3/pyyaml-6.0.3-cp313-cp313-musllinux_1_2_x86_64.whl", hash = "sha256:eda16858a3cab07b80edaf74336ece1f986ba330fdb8ee0d6c0d68fe82bc96be", size = 794115 },
    { url = "https://files.pythonhosted.org/packages/de/94/980b50a6531b3019e45ddeada0626d45fa85cbe22300844a7983285bed3b/pyyaml-6.0.3-cp313-cp313-win32.whl", hash = "sha256:d0eae10f8159e8fdad514efdc92d74fd8d682c933a6dd088030f3834bc8e6b26", size = 137427 },
    { url = "https://files.pythonhosted.org/packages/97/c9/39d5b874e8b28845e4ec2202b5da735d0199dbe5b8fb85f91398814a9a46/pyyaml-6.0.3-cp313-cp313-win_amd64.whl", hash = "sha256:79005a0d97d5ddabfeeea4cf676af11e647e41d81c9a7722a193022accdb6b7c", size = 154090 },
    { url = "https://files.pythonhosted.org/packages/73/e8/2bdf3ca2090f68bb3d75b44da7bbc71843b19c9f2b9cb9b0f4ab7a5a4329/pyyaml-6.0.3-cp313-cp313-win_arm64.whl", hash = "sha256:5498cd1645aa724a7c71c8f378eb29ebe23da2fc0d7a08071d89469bf1d2defb", size = 140246 },
    { url = "https://files.pythonhosted.org/packages/9d/8c/f4bd7f6465179953d3ac9bc44ac1a8a3e6122cf8ada906b4f96c60172d43/pyyaml-6.0.3-cp314-cp314-macosx_10_13_x86_64.whl", hash = "sha256:8d1fab6bb153a416f9aeb4b8763bc0f22a5586065f86f7664fc23339fc1c1fac", size = 181814 },
    { url = "https://files.pythonhosted.org/packages/bd/9c/4d95bb87eb2063d20db7b60faa3840c1b18025517ae857371c4dd55a6b3a/pyyaml-6.0.3-cp314-cp314-macosx_11_0_arm64.whl", hash = "sha256:34d5fcd24b8445fadc33f9cf348c1047101756fd760b4dacb5c3e99755703310", size = 173809 },
    { url = "https://files.pythonhosted.org/packages/92/b5/47e807c2623074914e29dabd16cbbdd4bf5e9b2db9f8090fa64411fc5382/pyyaml-6.0.3-cp314-cp314-manylinux2014_aarch64.manylinux_2_17_aarch64.manylinux_2_28_aarch64.whl", hash = "sha256:501a031947e3a9025ed4405a168e6ef5ae3126c59f90ce0cd6f2bfc477be31b7", size = 766454 },
    { url = "https://files.pythonhosted.org/packages/02/9e/e5e9b168be58564121efb3de6859c452fccde0ab093d8438905899a3a483/pyyaml-6.0.3-cp314-cp314-manylinux2014_s390x.manylinux_2_17_s390x.manylinux_2_28_s390x.whl", hash = "sha256:b3bc83488de33889877a0f2543ade9f70c67d66d9ebb4ac959502e12de895788", size = 836355 },
    { url = "https://files.pythonhosted.org/packages/88/f9/16491d7ed2a919954993e48aa941b200f38040928474c9e85ea9e64222c3/pyyaml-6.0.3-cp314-cp314-manylinux2014_x86_64.manylinux_2_17_x86_64.manylinux_2_28_x86_64.whl", hash = "sha256:c458b6d084f9b935061bc36216e8a69a7e293a2f1e68bf956dcd9e6cbcd143f5", size = 794175 },
    { url = "https://files.pythonhosted.org/packages/dd/3f/5989debef34dc6397317802b527dbbafb2b4760878a53d4166579111411e/pyyaml-6.0.3-cp314-cp314-musllinux_1_2_aarch64.whl", hash = "sha256:7c6610def4f163542a622a73fb39f534f8c101d690126992300bf3207eab9764", size = 755228 },
    { url = "https://files.pythonhosted.org/packages/d7/ce/af88a49043cd2e265be63d083fc75b27b6ed062f5f9fd6cdc223ad62f03e/pyyaml-6.0.3-cp314-cp314-musllinux_1_2_x86_64.whl", hash = "sha256:5190d403f121660ce8d1d2c1bb2ef1bd05b5f68533fc5c2ea899bd15f4399b35", size = 789194 },
    { url = "https://files.pythonhosted.org/packages/23/20/bb6982b26a40bb43951265ba29d4c246ef0ff59c9fdcdf0ed04e0687de4d/pyyaml-6.0.3-cp314-cp314-win_amd64.whl", hash = "sha256:4a2e8cebe2ff6ab7d1050ecd59c25d4c8bd7e6f400f5f82b96557ac0abafd0ac", size = 156429 },
    { url = "https://files.pythonhosted.org/packages/f4/f4/a4541072bb9422c8a883ab55255f918fa378ecf083f5b85e87fc2b4eda1b/pyyaml-6.0.3-cp314-cp314-win_arm64.whl", hash = "sha256:93dda82c9c22deb0a405ea4dc5f2d0cda384168e466364dec6255b293923b2f3", size = 143912 },
    { url = "https://files.pythonhosted.org/packages/7c/f9/07dd09ae774e4616edf6cda684ee78f97777bdd15847253637a6f052a62f/pyyaml-6.0.3-cp314-cp314t-macosx_10_13_x86_64.whl", hash = "sha256:02893d100e99e03eda1c8fd5c441d8c60103fd175728e23e431db1b589cf5ab3", size = 189108 },
    { url = "https://files.pythonhosted.org/packages/4e/78/8d08c9fb7ce09ad8c38ad533c1191cf27f7ae1effe5bb9400a46d9437fcf/pyyaml-6.0.3-cp314-cp314t-macosx_11_0_arm64.whl", hash = "sha256:c1ff362665ae507275af2853520967820d9124984e0f7466736aea23d8611fba", size = 183641 },
    { url = "https://files.pythonhosted.org/packages/7b/5b/3babb19104a46945cf816d047db2788bcaf8c94527a805610b0289a01c6b/pyyaml-6.0.3-cp314-cp314t-manylinux2014_aarch64.manylinux_2_17_aarch64.manylinux_2_28_aarch64.whl", hash = "sha256:6adc77889b628398debc7b65c073bcb99c4a0237b248cacaf3fe8a557563ef6c", size = 831901 },
    { url = "https://files.pythonhosted.org/packages/8b/cc/dff0684d8dc44da4d22a13f35f073d558c268780ce3c6ba1b87055bb0b87/pyyaml-6.0.3-cp314-cp314t-manylinux2014_s390x.manylinux_2_17_s390x.manylinux_2_28_s390x.whl", hash = "sha256:a80cb027f6b349846a3bf6d73b5e95e782175e52f22108cfa17876aaeff93702", size = 861132 },
    { url = "https://files.pythonhosted.org/packages/b1/5e/f77dc6b9036943e285ba76b49e118d9ea929885becb0a29ba8a7c75e29fe/pyyaml-6.0.3-cp314-cp314t-manylinux2014_x86_64.manylinux_2_17_x86_64.manylinux_2_28_x86_64.whl", hash = "sha256:00c4bdeba853cc34e7dd471f16b4114f4162dc03e6b7afcc2128711f0eca823c", size = 839261 },
    { url = "https://files.pythonhosted.org/packages/ce/88/a9db1376aa2a228197c58b37302f284b5617f56a5d959fd1763fb1675ce6/pyyaml-6.0.3-cp314-cp314t-musllinux_1_2_aarch64.whl", hash = "sha256:66e1674c3ef6f541c35191caae2d429b967b99e02040f5ba928632d9a7f0f065", size = 805272 },
    { url = "https://files.pythonhosted.org/packages/da/92/1446574745d74df0c92e6aa4a7b0b3130706a4142b2d1a5869f2eaa423c6/pyyaml-6.0.3-cp314-cp314t-musllinux_1_2_x86_64.whl", hash = "sha256:16249ee61e95f858e83976573de0f5b2893b3677ba71c9dd36b9cf8be9ac6d65", size = 829923 },
    { url = "https://files.pythonhosted.org/packages/f0/7a/1c7270340330e575b92f397352af856a8c06f230aa3e76f86b39d01b416a/pyyaml-6.0.3-cp314-cp314t-win_amd64.whl", hash = "sha256:4ad1906908f2f5ae4e5a8ddfce73c320c2a1429ec52eafd27138b7f1cbe341c9", size = 174062 },
    { url = "https://files.pythonhosted.org/packages/f1/12/de94a39c2ef588c7e6455cfbe7343d3b2dc9d6b6b2f40c4c6565744c873d/pyyaml-6.0.3-cp314-cp314t-win_arm64.whl", hash = "sha256:ebc55a14a21cb14062aa4162f906cd962b28e2e9ea38f9b4391244cd8de4ae0b", size = 149341 },
]

[[package]]
name = "rust-just"
version = "1.44.1"
source = { registry = "https://pypi.org/simple" }
sdist = { url = "https://files.pythonhosted.org/packages/4f/af/7514a53e8d74aaf79383b9875007c1d42c1b54e82229677e1aaca518d094/rust_just-1.44.1.tar.gz", hash = "sha256:28bfb4e28965f0754ed87034a040cf5c98ba7c211328958c74629f4c075f9b54", size = 1433313 }
wheels = [
    { url = "https://files.pythonhosted.org/packages/0c/96/c595f135a4b115bee3093a8745cd1db1f6c849593405b2f4294fd3f0cad4/rust_just-1.44.1-py3-none-macosx_10_12_x86_64.whl", hash = "sha256:3cc90854d8e456e6fb4460aa1b310eaab6f686f45496ac0931a5155940f62a30", size = 1714016 },
    { url = "https://files.pythonhosted.org/packages/9c/e2/5e308be7c8d49346bfc0553a3efd8a8c65b4f20e921cf1dbb60a7dcd9731/rust_just-1.44.1-py3-none-macosx_11_0_arm64.whl", hash = "sha256:dede32f8e7c2b940a7dec9bd4d19dbd412a389ee51895497384b1e18334785a9", size = 1595433 },
    { url = "https://files.pythonhosted.org/packages/ff/bc/b26ccb05105407e6bd40125a7e750eea262d26848eec01f2bf7879351dc8/rust_just-1.44.1-py3-none-manylinux_2_17_aarch64.manylinux2014_aarch64.whl", hash = "sha256:c799d2b65f6cb682dcbf0fc80356cddb78f318101ca740577006bc838ed10d1c", size = 1676825 },
    { url = "https://files.pythonhosted.org/packages/0d/dc/d44914f52b26eb8ee8787e640800a120a61f6ca66d1938b5d7bff5431f05/rust_just-1.44.1-py3-none-manylinux_2_17_armv7l.manylinux2014_armv7l.whl", hash = "sha256:302d72932dfe16b8dd226224ad42d5e0c9a3efef02eb7ef7021b9b58a20018ea", size = 1644684 },
    { url = "https://files.pythonhosted.org/packages/fd/65/444bb68b176d26cb81610953a25e58f3ed85affae322356854c6007a6813/rust_just-1.44.1-py3-none-manylinux_2_17_i686.manylinux2014_i686.whl", hash = "sha256:05b131547ff42a8590b835c0a9d68df5a4267905ddeecb52c95f41ca128c3a87", size = 1823657 },
    { url = "https://files.pythonhosted.org/packages/9f/d4/c899928276b46922c36fae945e107b5635fb0fdb40313464f4c815a20ac6/rust_just-1.44.1-py3-none-manylinux_2_17_ppc64le.manylinux2014_ppc64le.whl", hash = "sha256:53c086f7af5be75c5dceae787b7fd5424c5d31fdbd1f448ad7519bc524b6aba5", size = 1898860 },
    { url = "https://files.pythonhosted.org/packages/4f/50/ba8f45764aaf5ee4db82a3f5d74f3582c081c7f8cdb2523d35a1cbe1b4bd/rust_just-1.44.1-py3-none-manylinux_2_17_s390x.manylinux2014_s390x.whl", hash = "sha256:d645eeee994e25ba235b55d87f95043da13e31693f2b787997fabcc16d7728e8", size = 1886625 },
    { url = "https://files.pythonhosted.org/packages/54/0b/cbc9f74b988a5ec81f609f887be081a9fc8a47e61532d5db0872a5ee6562/rust_just-1.44.1-py3-none-manylinux_2_17_x86_64.manylinux2014_x86_64.whl", hash = "sha256:f0e1135f24c9b772a19181b87a90a390e914a31e71fbd81061ef3f4107e1679a", size = 1805910 },
    { url = "https://files.pythonhosted.org/packages/46/d7/9510b9aac8b6c7d5cb7b5ba2b0a1f54dd995ec28d333122283b16f4e47ca/rust_just-1.44.1-py3-none-musllinux_1_2_aarch64.whl", hash = "sha256:0199da9f253a5c1d67e8e547f4afbfed75265f011da061cbe36a3b764af761fd", size = 1694846 },
    { url = "https://files.pythonhosted.org/packages/7b/bf/b0785f6d9a50a7b27a4320c0379f2f7708616d5c68eb79b7920b1d8ce19e/rust_just-1.44.1-py3-none-musllinux_1_2_armv7l.whl", hash = "sha256:8962ce7b600b3724cd677055ded03164b6e42a70eb52ecf7484552d179a858d7", size = 1666517 },
    { url = "https://files.pythonhosted.org/packages/2e/6a/0a6b28665d78b177fd8d23a56370ca03aa0ecb93277031664340f37ef607/rust_just-1.44.1-py3-none-musllinux_1_2_i686.whl", hash = "sha256:a08e32a9d284ad8d2a71a4d17bbbfa6c2b903a63378ed3533d85296924ccdc9f", size = 1813002 },
    { url = "https://files.pythonhosted.org/packages/79/13/9c7e145ad5bcf19059053838e79d9935f012e9acf9732c67c444d8c09cee/rust_just-1.44.1-py3-none-musllinux_1_2_x86_64.whl", hash = "sha256:c98ed646f4ee5ff8df6df1ada82c90630552f9329354d9d42d94a72dd7488a29", size = 1872111 },
    { url = "https://files.pythonhosted.org/packages/86/ab/34a6b6ba0f527bf1500a259c9661270a4da165befff69fb1bf5ed26eadb4/rust_just-1.44.1-py3-none-win32.whl", hash = "sha256:ed868239e7875057ed8b987ee70fe01cb1207152833fd277294c72f9fdce87a4", size = 1598138 },
    { url = "https://files.pythonhosted.org/packages/05/e6/34552bb580daaedb8013b1a3f42581979c0df9408bb0d306edd4c8d28329/rust_just-1.44.1-py3-none-win_amd64.whl", hash = "sha256:37343208bb3adc79122f36c63310d2ac161c0b136b5357527df3df543a2bcda9", size = 1770151 },
]
